# This file is automatically @generated by Poetry 1.8.2 and should not be changed by hand.

[[package]]
name = "altgraph"
version = "0.17.4"
description = "Python graph (network) package"
optional = false
python-versions = "*"
files = [
    {file = "altgraph-0.17.4-py2.py3-none-any.whl", hash = "sha256:642743b4750de17e655e6711601b077bc6598dbfa3ba5fa2b2a35ce12b508dff"},
    {file = "altgraph-0.17.4.tar.gz", hash = "sha256:1b5afbb98f6c4dcadb2e2ae6ab9fa994bbb8c1d75f4fa96d340f9437ae454406"},
]

[package.source]
type = "legacy"
url = "https://pypi.tuna.tsinghua.edu.cn/simple"
reference = "mirrors"

[[package]]
name = "macholib"
version = "1.16.3"
description = "Mach-O header analysis and editing"
optional = false
python-versions = "*"
files = [
    {file = "macholib-1.16.3-py2.py3-none-any.whl", hash = "sha256:0e315d7583d38b8c77e815b1ecbdbf504a8258d8b3e17b61165c6feb60d18f2c"},
    {file = "macholib-1.16.3.tar.gz", hash = "sha256:07ae9e15e8e4cd9a788013d81f5908b3609aa76f9b1421bae9c4d7606ec86a30"},
]

[package.dependencies]
altgraph = ">=0.17"

[package.source]
type = "legacy"
url = "https://pypi.tuna.tsinghua.edu.cn/simple"
reference = "mirrors"

[[package]]
name = "modulegraph"
version = "0.19.6"
description = "Python module dependency analysis tool"
optional = false
python-versions = "*"
files = [
    {file = "modulegraph-0.19.6-py2.py3-none-any.whl", hash = "sha256:5443e6d93c0b263f4ea309e2ff01312eef7c424dd51981a1e78e960c90e572b8"},
    {file = "modulegraph-0.19.6.tar.gz", hash = "sha256:c914c8c95a0e10fe88505d4e9c2284b4e3dbc70943e306cc6567e36cc541bf4b"},
]

[package.dependencies]
altgraph = ">=0.15"
setuptools = "*"

[package.source]
type = "legacy"
url = "https://pypi.tuna.tsinghua.edu.cn/simple"
reference = "mirrors"

[[package]]
name = "packaging"
version = "24.0"
description = "Core utilities for Python packages"
optional = false
python-versions = ">=3.7"
files = [
    {file = "packaging-24.0-py3-none-any.whl", hash = "sha256:2ddfb553fdf02fb784c234c7ba6ccc288296ceabec964ad2eae3777778130bc5"},
    {file = "packaging-24.0.tar.gz", hash = "sha256:eb82c5e3e56209074766e6885bb04b8c38a0c015d0a30036ebe7ece34c9989e9"},
]

[package.source]
type = "legacy"
url = "https://pypi.tuna.tsinghua.edu.cn/simple"
reference = "mirrors"

[[package]]
name = "pefile"
version = "2023.2.7"
description = "Python PE parsing module"
optional = false
python-versions = ">=3.6.0"
files = [
    {file = "pefile-2023.2.7-py3-none-any.whl", hash = "sha256:da185cd2af68c08a6cd4481f7325ed600a88f6a813bad9dea07ab3ef73d8d8d6"},
    {file = "pefile-2023.2.7.tar.gz", hash = "sha256:82e6114004b3d6911c77c3953e3838654b04511b8b66e8583db70c65998017dc"},
]

[package.source]
type = "legacy"
url = "https://pypi.tuna.tsinghua.edu.cn/simple"
reference = "mirrors"

[[package]]
name = "py2app"
version = "0.28.7"
description = "Create standalone Mac OS X applications with Python"
optional = false
python-versions = "*"
files = [
    {file = "py2app-0.28.7-py2.py3-none-any.whl", hash = "sha256:7e802adc3e5dcf0621c01272b56a56e177c59b28b4b5c989537e37fd77f3a660"},
    {file = "py2app-0.28.7.tar.gz", hash = "sha256:6d74a97b0f0ec92999b6251a255ae37a18d0ae89939e72dbb6d9d7dae06a5e10"},
]

[package.dependencies]
altgraph = ">=0.17.3"
macholib = ">=1.16.2"
modulegraph = ">=0.19.6"

[package.source]
type = "legacy"
url = "https://pypi.tuna.tsinghua.edu.cn/simple"
reference = "mirrors"

[[package]]
name = "pyinstaller"
version = "6.6.0"
description = "PyInstaller bundles a Python application and all its dependencies into a single package."
optional = false
python-versions = "<3.13,>=3.8"
files = [
    {file = "pyinstaller-6.6.0-py3-none-macosx_10_13_universal2.whl", hash = "sha256:d2705efe79f8749526f65c4bce70ae88eea8b6adfb051f123122e86542fe3802"},
    {file = "pyinstaller-6.6.0-py3-none-manylinux2014_aarch64.whl", hash = "sha256:2aa771693ee3e0a899be3e9d946a24eab9896a98d0d4035f05a22f1193004cfb"},
    {file = "pyinstaller-6.6.0-py3-none-manylinux2014_i686.whl", hash = "sha256:1fc15e8cebf76361568359a40926aa5746fc0a84ca365fb2ac6caeea014a2cd3"},
    {file = "pyinstaller-6.6.0-py3-none-manylinux2014_ppc64le.whl", hash = "sha256:7c4a55a5d872c118bc7a5e641c2df46ad18585c002d96adad129b4ee8c104463"},
    {file = "pyinstaller-6.6.0-py3-none-manylinux2014_s390x.whl", hash = "sha256:97197593344f11f3dd2bdadbab14c61fbc4cdf9cc692a89b047cb671764c1824"},
    {file = "pyinstaller-6.6.0-py3-none-manylinux2014_x86_64.whl", hash = "sha256:00d81ddeee97710245a7ed03b0f9d5a4daf6c3a07adf978487b10991e1e20470"},
    {file = "pyinstaller-6.6.0-py3-none-musllinux_1_1_aarch64.whl", hash = "sha256:b7cab21db6fcfbdab47ee960239d1b44cd95383a4463177bd592613941d67959"},
    {file = "pyinstaller-6.6.0-py3-none-musllinux_1_1_x86_64.whl", hash = "sha256:00996d2090734d9ae4a1e53ed40351b07d593c37118d3e0d435bbcfa8db9edee"},
    {file = "pyinstaller-6.6.0-py3-none-win32.whl", hash = "sha256:cfe3ed214601de0723cb660994b44934efacb77a1cf0e4cc5133da996bcf36ce"},
    {file = "pyinstaller-6.6.0-py3-none-win_amd64.whl", hash = "sha256:e2f55fbbdf8a99ea84b39bc5669a68624473c303486d7eb2cd9063b339f0aa28"},
    {file = "pyinstaller-6.6.0-py3-none-win_arm64.whl", hash = "sha256:abbd591967593dab264bcc3bcb2466c0a1582f19a112e37e916c4212069c7933"},
    {file = "pyinstaller-6.6.0.tar.gz", hash = "sha256:be6bc2c3073d3e84fb7148d3af33ce9b6a7f01cfb154e06314cd1d4c05798a32"},
]

[package.dependencies]
altgraph = "*"
macholib = {version = ">=1.8", markers = "sys_platform == \"darwin\""}
packaging = ">=22.0"
pefile = {version = ">=2022.5.30", markers = "sys_platform == \"win32\""}
pyinstaller-hooks-contrib = ">=2024.3"
pywin32-ctypes = {version = ">=0.2.1", markers = "sys_platform == \"win32\""}
setuptools = ">=42.0.0"

[package.extras]
completion = ["argcomplete"]
hook-testing = ["execnet (>=1.5.0)", "psutil", "pytest (>=2.7.3)"]

[package.source]
type = "legacy"
url = "https://pypi.tuna.tsinghua.edu.cn/simple"
reference = "mirrors"

[[package]]
name = "pyinstaller-hooks-contrib"
version = "2024.5"
description = "Community maintained hooks for PyInstaller"
optional = false
python-versions = ">=3.7"
files = [
    {file = "pyinstaller_hooks_contrib-2024.5-py2.py3-none-any.whl", hash = "sha256:0852249b7fb1e9394f8f22af2c22fa5294c2c0366157969f98c96df62410c4c6"},
    {file = "pyinstaller_hooks_contrib-2024.5.tar.gz", hash = "sha256:aa5dee25ea7ca317ad46fa16b5afc8dba3b0e43f2847e498930138885efd3cab"},
]

[package.dependencies]
packaging = ">=22.0"
setuptools = ">=42.0.0"

[package.source]
type = "legacy"
url = "https://pypi.tuna.tsinghua.edu.cn/simple"
reference = "mirrors"

[[package]]
name = "pyperclip"
version = "1.8.2"
description = "A cross-platform clipboard module for Python. (Only handles plain text for now.)"
optional = false
python-versions = "*"
files = [
    {file = "pyperclip-1.8.2.tar.gz", hash = "sha256:105254a8b04934f0bc84e9c24eb360a591aaf6535c9def5f29d92af107a9bf57"},
]

[package.source]
type = "legacy"
url = "https://pypi.tuna.tsinghua.edu.cn/simple"
reference = "mirrors"

[[package]]
name = "pyside6"
version = "6.7.0"
description = "Python bindings for the Qt cross-platform application and UI framework"
optional = false
python-versions = "<3.13,>=3.9"
files = [
    {file = "PySide6-6.7.0-cp39-abi3-macosx_11_0_universal2.whl", hash = "sha256:4e2f4ddb1d342ffd12558101c30095338da0db34c203e0d17de03e45c7762286"},
    {file = "PySide6-6.7.0-cp39-abi3-manylinux_2_28_x86_64.whl", hash = "sha256:64d6b5751f8d04aedc5e8ea53ddc6613b392919056511a988b790fd3a00f7d01"},
    {file = "PySide6-6.7.0-cp39-abi3-manylinux_2_31_aarch64.whl", hash = "sha256:edc541e37dcf41626a30e82bcdb061592a45424c0558f26523ac5140ec34b448"},
    {file = "PySide6-6.7.0-cp39-abi3-win_amd64.whl", hash = "sha256:190fb017b7f144b375f1a06b518b1241a78c15e7a073708a255d229687bc905a"},
]

[package.dependencies]
PySide6-Addons = "6.7.0"
PySide6-Essentials = "6.7.0"
shiboken6 = "6.7.0"

[package.source]
type = "legacy"
url = "https://pypi.tuna.tsinghua.edu.cn/simple"
reference = "mirrors"

[[package]]
name = "pyside6-addons"
version = "6.7.0"
description = "Python bindings for the Qt cross-platform application and UI framework (Addons)"
optional = false
python-versions = "<3.13,>=3.9"
files = [
    {file = "PySide6_Addons-6.7.0-cp39-abi3-macosx_11_0_universal2.whl", hash = "sha256:a87645f0f2dcb2ebe4035ae53ccf329fe503ed394c9f0830de3bfc7205c14f63"},
    {file = "PySide6_Addons-6.7.0-cp39-abi3-manylinux_2_28_x86_64.whl", hash = "sha256:888df2a916f1d59984e2f351e7d5850da0a04103e39501eb7d6a9b150e7431e6"},
    {file = "PySide6_Addons-6.7.0-cp39-abi3-manylinux_2_31_aarch64.whl", hash = "sha256:0716410d3591c144be2fda3a6443fe13a7a88b4d91b45b05fd955782ac19613d"},
    {file = "PySide6_Addons-6.7.0-cp39-abi3-win_amd64.whl", hash = "sha256:d1712336b33b5a5784bbce4c9b1af984057ff1dc4fafbaf241c090ee9bc3788d"},
]

[package.dependencies]
PySide6-Essentials = "6.7.0"
shiboken6 = "6.7.0"

[package.source]
type = "legacy"
url = "https://pypi.tuna.tsinghua.edu.cn/simple"
reference = "mirrors"

[[package]]
name = "pyside6-essentials"
version = "6.7.0"
description = "Python bindings for the Qt cross-platform application and UI framework (Essentials)"
optional = false
python-versions = "<3.13,>=3.9"
files = [
    {file = "PySide6_Essentials-6.7.0-cp39-abi3-macosx_11_0_universal2.whl", hash = "sha256:d229dae03b1825cc93deac785898b71576957d9fb97b1007897f30604ca5ecd1"},
    {file = "PySide6_Essentials-6.7.0-cp39-abi3-manylinux_2_28_x86_64.whl", hash = "sha256:e013238fe40596b804068e34ac173514943a41bf8e5fbb4edfc7c30b00431bd5"},
    {file = "PySide6_Essentials-6.7.0-cp39-abi3-manylinux_2_31_aarch64.whl", hash = "sha256:412db37d56982c1ad1e6536daaefe760177a9ab897ae147b926a7d6c8befcdd4"},
    {file = "PySide6_Essentials-6.7.0-cp39-abi3-win_amd64.whl", hash = "sha256:8489bd692380f79455955101194bfcf0cd6444825a1ef198907b4de1f976d8b4"},
]

[package.dependencies]
shiboken6 = "6.7.0"

[package.source]
type = "legacy"
url = "https://pypi.tuna.tsinghua.edu.cn/simple"
reference = "mirrors"

[[package]]
name = "pywin32-ctypes"
version = "0.2.2"
description = "A (partial) reimplementation of pywin32 using ctypes/cffi"
optional = false
python-versions = ">=3.6"
files = [
    {file = "pywin32-ctypes-0.2.2.tar.gz", hash = "sha256:3426e063bdd5fd4df74a14fa3cf80a0b42845a87e1d1e81f6549f9daec593a60"},
    {file = "pywin32_ctypes-0.2.2-py3-none-any.whl", hash = "sha256:bf490a1a709baf35d688fe0ecf980ed4de11d2b3e37b51e5442587a75d9957e7"},
]

[package.source]
type = "legacy"
url = "https://pypi.tuna.tsinghua.edu.cn/simple"
reference = "mirrors"

[[package]]
name = "setuptools"
version = "69.5.1"
description = "Easily download, build, install, upgrade, and uninstall Python packages"
optional = false
python-versions = ">=3.8"
files = [
    {file = "setuptools-69.5.1-py3-none-any.whl", hash = "sha256:c636ac361bc47580504644275c9ad802c50415c7522212252c033bd15f301f32"},
    {file = "setuptools-69.5.1.tar.gz", hash = "sha256:6c1fccdac05a97e598fb0ae3bbed5904ccb317337a51139dcd51453611bbb987"},
]

[package.extras]
docs = ["furo", "jaraco.packaging (>=9.3)", "jaraco.tidelift (>=1.4)", "pygments-github-lexers (==0.0.5)", "rst.linker (>=1.9)", "sphinx (>=3.5)", "sphinx-favicon", "sphinx-inline-tabs", "sphinx-lint", "sphinx-notfound-page (>=1,<2)", "sphinx-reredirects", "sphinxcontrib-towncrier"]
testing = ["build[virtualenv]", "filelock (>=3.4.0)", "importlib-metadata", "ini2toml[lite] (>=0.9)", "jaraco.develop (>=7.21)", "jaraco.envs (>=2.2)", "jaraco.path (>=3.2.0)", "mypy (==1.9)", "packaging (>=23.2)", "pip (>=19.1)", "pytest (>=6,!=8.1.1)", "pytest-checkdocs (>=2.4)", "pytest-cov", "pytest-enabler (>=2.2)", "pytest-home (>=0.5)", "pytest-mypy", "pytest-perf", "pytest-ruff (>=0.2.1)", "pytest-timeout", "pytest-xdist (>=3)", "tomli", "tomli-w (>=1.0.0)", "virtualenv (>=13.0.0)", "wheel"]
testing-integration = ["build[virtualenv] (>=1.0.3)", "filelock (>=3.4.0)", "jaraco.envs (>=2.2)", "jaraco.path (>=3.2.0)", "packaging (>=23.2)", "pytest", "pytest-enabler", "pytest-xdist", "tomli", "virtualenv (>=13.0.0)", "wheel"]

[package.source]
type = "legacy"
url = "https://pypi.tuna.tsinghua.edu.cn/simple"
reference = "mirrors"

[[package]]
name = "shiboken6"
version = "6.7.0"
description = "Python/C++ bindings helper module"
optional = false
python-versions = "<3.13,>=3.9"
files = [
    {file = "shiboken6-6.7.0-cp39-abi3-macosx_11_0_universal2.whl", hash = "sha256:32c53afea91a3c9f85b1908e50a1f96974e4d78bc63ee8dafa346fc0707a9786"},
    {file = "shiboken6-6.7.0-cp39-abi3-manylinux_2_28_x86_64.whl", hash = "sha256:7887ba7ecfddb09ee9966325c1e229a17f3f444b0257b77cb7838792287d3e05"},
    {file = "shiboken6-6.7.0-cp39-abi3-manylinux_2_31_aarch64.whl", hash = "sha256:5ac384f4f4c0bc5bdd7e6b9b1d36798c063107943a122ea6d123947321bcf315"},
    {file = "shiboken6-6.7.0-cp39-abi3-win_amd64.whl", hash = "sha256:1a65d4c046454ee78a2ce4d6c7268846a3bdff31f59d88638b9383f62938f4b8"},
]

[package.source]
type = "legacy"
url = "https://pypi.tuna.tsinghua.edu.cn/simple"
reference = "mirrors"

[metadata]
lock-version = "2.0"
python-versions = "~3.12"
content-hash = "d147c503fa2b6e177a4437b717d7df0556a15ffedbfa68180a631964c90fc4ff"
